
Microsoft Visual Studio Solution File, Format Version 12.00
# Visual Studio Version 16
VisualStudioVersion = 16.0.31205.134
MinimumVisualStudioVersion = 10.0.40219.1
Project("{9A19103F-16F7-4668-BE54-9A1E7A4F7556}") = "Catalog.Web", "Catalog.Web\Catalog.Web.csproj", "{116A1F6B-9498-44A1-9FA3-4EB323F3D74B}"
EndProject
Project("{9A19103F-16F7-4668-BE54-9A1E7A4F7556}") = "Catalog.Web.Tests", "Catalog.Web.Tests\Catalog.Web.Tests.csproj", "{4B39EB3C-CC0B-4A66-AF9D-4EC1BE4494F5}"
EndProject
Project("{9A19103F-16F7-4668-BE54-9A1E7A4F7556}") = "Catalog.Services", "Catalog.Services\Catalog.Services.csproj", "{45A1544B-94DB-4A59-9612-4E36442C67F5}"
EndProject
Project("{9A19103F-16F7-4668-BE54-9A1E7A4F7556}") = "Catalog.DAL", "Catalog.DAL\Catalog.DAL.csproj", "{E9A4CB2A-70B0-4D63-869D-352B69C237EF}"
EndProject
Project("{9A19103F-16F7-4668-BE54-9A1E7A4F7556}") = "Catalog.API", "Catalog.API\Catalog.API.csproj", "{B896FC15-432D-4493-803A-6F6284D74E6D}"
EndProject
Project("{9A19103F-16F7-4668-BE54-9A1E7A4F7556}") = "Catalog.HttpClient", "Catalog.HttpClient\Catalog.HttpClient.csproj", "{A627C575-78C5-43BD-A08F-A235D901F993}"
EndProject
Project("{FAE04EC0-301F-11D3-BF4B-00C04F79EFBC}") = "Catalog.API.Tests", "Catalog.API.Tests\Catalog.API.Tests.csproj", "{F1F65C81-4F97-452D-9607-F76B8101A27C}"
EndProject
Global
	GlobalSection(SolutionConfigurationPlatforms) = preSolution
		Debug|Any CPU = Debug|Any CPU
		Release|Any CPU = Release|Any CPU
	EndGlobalSection
	GlobalSection(ProjectConfigurationPlatforms) = postSolution
		{116A1F6B-9498-44A1-9FA3-4EB323F3D74B}.Debug|Any CPU.ActiveCfg = Debug|Any CPU
		{116A1F6B-9498-44A1-9FA3-4EB323F3D74B}.Debug|Any CPU.Build.0 = Debug|Any CPU
		{116A1F6B-9498-44A1-9FA3-4EB323F3D74B}.Release|Any CPU.ActiveCfg = Release|Any CPU
		{116A1F6B-9498-44A1-9FA3-4EB323F3D74B}.Release|Any CPU.Build.0 = Release|Any CPU
		{4B39EB3C-CC0B-4A66-AF9D-4EC1BE4494F5}.Debug|Any CPU.ActiveCfg = Debug|Any CPU
		{4B39EB3C-CC0B-4A66-AF9D-4EC1BE4494F5}.Debug|Any CPU.Build.0 = Debug|Any CPU
		{4B39EB3C-CC0B-4A66-AF9D-4EC1BE4494F5}.Release|Any CPU.ActiveCfg = Release|Any CPU
		{4B39EB3C-CC0B-4A66-AF9D-4EC1BE4494F5}.Release|Any CPU.Build.0 = Release|Any CPU
		{45A1544B-94DB-4A59-9612-4E36442C67F5}.Debug|Any CPU.ActiveCfg = Debug|Any CPU
		{45A1544B-94DB-4A59-9612-4E36442C67F5}.Debug|Any CPU.Build.0 = Debug|Any CPU
		{45A1544B-94DB-4A59-9612-4E36442C67F5}.Release|Any CPU.ActiveCfg = Release|Any CPU
		{45A1544B-94DB-4A59-9612-4E36442C67F5}.Release|Any CPU.Build.0 = Release|Any CPU
		{E9A4CB2A-70B0-4D63-869D-352B69C237EF}.Debug|Any CPU.ActiveCfg = Debug|Any CPU
		{E9A4CB2A-70B0-4D63-869D-352B69C237EF}.Debug|Any CPU.Build.0 = Debug|Any CPU
		{E9A4CB2A-70B0-4D63-869D-352B69C237EF}.Release|Any CPU.ActiveCfg = Release|Any CPU
		{E9A4CB2A-70B0-4D63-869D-352B69C237EF}.Release|Any CPU.Build.0 = Release|Any CPU
		{B896FC15-432D-4493-803A-6F6284D74E6D}.Debug|Any CPU.ActiveCfg = Debug|Any CPU
		{B896FC15-432D-4493-803A-6F6284D74E6D}.Debug|Any CPU.Build.0 = Debug|Any CPU
		{B896FC15-432D-4493-803A-6F6284D74E6D}.Release|Any CPU.ActiveCfg = Release|Any CPU
		{B896FC15-432D-4493-803A-6F6284D74E6D}.Release|Any CPU.Build.0 = Release|Any CPU
		{A627C575-78C5-43BD-A08F-A235D901F993}.Debug|Any CPU.ActiveCfg = Debug|Any CPU
		{A627C575-78C5-43BD-A08F-A235D901F993}.Debug|Any CPU.Build.0 = Debug|Any CPU
		{A627C575-78C5-43BD-A08F-A235D901F993}.Release|Any CPU.ActiveCfg = Release|Any CPU
		{A627C575-78C5-43BD-A08F-A235D901F993}.Release|Any CPU.Build.0 = Release|Any CPU
		{F1F65C81-4F97-452D-9607-F76B8101A27C}.Debug|Any CPU.ActiveCfg = Debug|Any CPU
		{F1F65C81-4F97-452D-9607-F76B8101A27C}.Debug|Any CPU.Build.0 = Debug|Any CPU
		{F1F65C81-4F97-452D-9607-F76B8101A27C}.Release|Any CPU.ActiveCfg = Release|Any CPU
		{F1F65C81-4F97-452D-9607-F76B8101A27C}.Release|Any CPU.Build.0 = Release|Any CPU
	EndGlobalSection
	GlobalSection(SolutionProperties) = preSolution
		HideSolutionNode = FALSE
	EndGlobalSection
	GlobalSection(ExtensibilityGlobals) = postSolution
		SolutionGuid = {FADF7E83-5E99-46FC-A7DC-90AE4EBB4964}
	EndGlobalSection
EndGlobal
